{
  "version": 4,
  "terraform_version": "1.9.5",
  "serial": 401,
  "lineage": "1f93b76e-41c2-d690-1577-a33d44a9a0a9",
  "outputs": {},
  "resources": [
    {
      "mode": "data",
      "type": "aws_caller_identity",
      "name": "current",
      "provider": "provider[\"registry.terraform.io/hashicorp/aws\"]",
      "instances": [
        {
          "schema_version": 0,
          "attributes": {
            "account_id": "851725587805",
            "arn": "arn:aws:iam::851725587805:user/Akshay-VSCode",
            "id": "851725587805",
            "user_id": "AIDA4MTWNCVOUGYO3HEDC"
          },
          "sensitive_attributes": []
        }
      ]
    },
    {
      "mode": "data",
      "type": "aws_eks_cluster",
      "name": "eks",
      "provider": "provider[\"registry.terraform.io/hashicorp/aws\"]",
      "instances": [
        {
          "schema_version": 0,
          "attributes": {
            "access_config": [
              {
                "authentication_mode": "API",
                "bootstrap_cluster_creator_admin_permissions": true
              }
            ],
            "arn": "arn:aws:eks:us-east-2:851725587805:cluster/staging-project",
            "certificate_authority": [
              {
                "data": "LS0tLS1CRUdJTiBDRVJUSUZJQ0FURS0tLS0tCk1JSURCVENDQWUyZ0F3SUJBZ0lJQ0hHYTl0am05R013RFFZSktvWklodmNOQVFFTEJRQXdGVEVUTUJFR0ExVUUKQXhNS2EzVmlaWEp1WlhSbGN6QWVGdzB5TkRFd016RXdOREF6TURaYUZ3MHpOREV3TWprd05EQTRNRFphTUJVeApFekFSQmdOVkJBTVRDbXQxWW1WeWJtVjBaWE13Z2dFaU1BMEdDU3FHU0liM0RRRUJBUVVBQTRJQkR3QXdnZ0VLCkFvSUJBUUMzMVN4YUZ4YlF1eUNRSGRHcjdhMVd4bWk2QlFNM1d2NmJCVVQzemlEMjhPenpoeW9JSjBCUHJHOFUKaEQzZGdCa1gwOEJyM1p6Ym9zajVCbndzbGRweUNCZG4zU1FndFRLNjNlUmJaRms4QXBwNWtzZDMvYTk1Qnl4VApoeFRQbWtrcFBieWl3enRNd09nQTBKNi9xRTkyOXJlUUFsYXJuNzdWalVQSVRYeUMwR2QwU2VTc0pGS2krR000CkxnWFNYUkdDem95SERMaFBFZWxFTFQvREtLRFdjdTZkSmM5OEZOKzB1dFIwVmo2L3JBTjlVcDh0eE03RjRTUkoKWXFkTlZWRTU1ZS9PajhXcklJZnkxYXNVbGJud0Y1UVFuU3kzTnFVUzdteVB5QmhvNWxBSyt6a1ZJeEQ1UWdKaAovdnRDVFJSQngxMHNUREhIbGN4QU5iaEZhQlJQQWdNQkFBR2pXVEJYTUE0R0ExVWREd0VCL3dRRUF3SUNwREFQCkJnTlZIUk1CQWY4RUJUQURBUUgvTUIwR0ExVWREZ1FXQkJRZVpzM3ZWbGlqWGorU2Z1TUhVRUEzeSsxRHpUQVYKQmdOVkhSRUVEakFNZ2dwcmRXSmxjbTVsZEdWek1BMEdDU3FHU0liM0RRRUJDd1VBQTRJQkFRQWRVaDQ0TDVYQwowSHpoZ2hBREpkMis1bUFPZHZRMVRCQzI4dWt1NWNYVHB5YTV2Q1FwR1R5WmNndDdlclRvZzFwTGtPRVBKZFBLCkRaUUdlcTk5OXEzdnp3Zjc2cWFGbHFzWXhDYm1kUUp6QVVKa1NEOVMxclg2SzBVTkxhUW8wR1JYR3JnQWJFbVMKUWc2NDQwblBnLzhtR2xpS3psUk5qMUhXR01HdE1reGdCQ3JxRVJiRUJIYjRZdXBsUGFCNjhzczJITXJjaGNzYQp0aUpkL1hHNThodDUyY2R4WFZhaCtjeVFVQWtyK25MSUsza3l0d01qTjlsVDBYTjNiL28yM2RYcThtS2ovWlRhCllqY0VqVXNuSnlKMnNFeGRZOUlXZWduU3lSUzRTN2lyL0NMWFA2SW9HOFB5dWNRNm0vTnM5OXhIUkRFcVlacE4KTmRYZFhqdm1MQW1YCi0tLS0tRU5EIENFUlRJRklDQVRFLS0tLS0K"
              }
            ],
            "cluster_id": null,
            "created_at": "2024-10-31T04:04:24Z",
            "enabled_cluster_log_types": [],
            "endpoint": "https://979E6687E23C0202A22E36DA37DE334A.gr7.us-east-2.eks.amazonaws.com",
            "id": "staging-project",
            "identity": [
              {
                "oidc": [
                  {
                    "issuer": "https://oidc.eks.us-east-2.amazonaws.com/id/979E6687E23C0202A22E36DA37DE334A"
                  }
                ]
              }
            ],
            "kubernetes_network_config": [
              {
                "ip_family": "ipv4",
                "service_ipv4_cidr": "172.20.0.0/16",
                "service_ipv6_cidr": ""
              }
            ],
            "name": "staging-project",
            "outpost_config": [],
            "platform_version": "eks.12",
            "role_arn": "arn:aws:iam::851725587805:role/staging-project-eks-cluster",
            "status": "ACTIVE",
            "tags": {},
            "upgrade_policy": [
              {
                "support_type": "EXTENDED"
              }
            ],
            "version": "1.30",
            "vpc_config": [
              {
                "cluster_security_group_id": "sg-0eab0daef20602871",
                "endpoint_private_access": false,
                "endpoint_public_access": true,
                "public_access_cidrs": [
                  "0.0.0.0/0"
                ],
                "security_group_ids": [],
                "subnet_ids": [
                  "subnet-004bf493fa4ee2347",
                  "subnet-0bd24e553f3fbda6d"
                ],
                "vpc_id": "vpc-0ff9d2803d0024977"
              }
            ]
          },
          "sensitive_attributes": []
        }
      ]
    },
    {
      "mode": "data",
      "type": "aws_eks_cluster_auth",
      "name": "eks",
      "provider": "provider[\"registry.terraform.io/hashicorp/aws\"]",
      "instances": [
        {
          "schema_version": 0,
          "attributes": {
            "id": "staging-project",
            "name": "staging-project",
            "token": "k8s-aws-v1.aHR0cHM6Ly9zdHMudXMtZWFzdC0yLmFtYXpvbmF3cy5jb20vP0FjdGlvbj1HZXRDYWxsZXJJZGVudGl0eSZWZXJzaW9uPTIwMTEtMDYtMTUmWC1BbXotQWxnb3JpdGhtPUFXUzQtSE1BQy1TSEEyNTYmWC1BbXotQ3JlZGVudGlhbD1BS0lBNE1UV05DVk9UNEZQU09SVSUyRjIwMjQxMDMxJTJGdXMtZWFzdC0yJTJGc3RzJTJGYXdzNF9yZXF1ZXN0JlgtQW16LURhdGU9MjAyNDEwMzFUMDQwOTQ0WiZYLUFtei1FeHBpcmVzPTAmWC1BbXotU2lnbmVkSGVhZGVycz1ob3N0JTNCeC1rOHMtYXdzLWlkJlgtQW16LVNpZ25hdHVyZT1mMzI5M2JmMTNkOGJmMTU5OGViMWNhOGY5NjEwMDc5YjllODNkYTA4YjdhNGVjNWQ1M2M4YzkyNzVhMWJjYTBl"
          },
          "sensitive_attributes": [
            [
              {
                "type": "get_attr",
                "value": "token"
              }
            ]
          ]
        }
      ]
    },
    {
      "mode": "data",
      "type": "aws_iam_policy_document",
      "name": "trust_grafana",
      "provider": "provider[\"registry.terraform.io/hashicorp/aws\"]",
      "instances": [
        {
          "schema_version": 0,
          "attributes": {
            "id": "2712649499",
            "json": "{\n  \"Version\": \"2012-10-17\",\n  \"Statement\": [\n    {\n      \"Effect\": \"Allow\",\n      \"Action\": \"sts:AssumeRole\",\n      \"Principal\": {\n        \"AWS\": \"arn:aws:iam::008923505280:root\"\n      },\n      \"Condition\": {\n        \"StringEquals\": {\n          \"sts:ExternalId\": \"1779411\"\n        }\n      }\n    }\n  ]\n}",
            "minified_json": "{\"Version\":\"2012-10-17\",\"Statement\":[{\"Effect\":\"Allow\",\"Action\":\"sts:AssumeRole\",\"Principal\":{\"AWS\":\"arn:aws:iam::008923505280:root\"},\"Condition\":{\"StringEquals\":{\"sts:ExternalId\":\"1779411\"}}}]}",
            "override_json": null,
            "override_policy_documents": null,
            "policy_id": null,
            "source_json": null,
            "source_policy_documents": null,
            "statement": [
              {
                "actions": [
                  "sts:AssumeRole"
                ],
                "condition": [
                  {
                    "test": "StringEquals",
                    "values": [
                      "1779411"
                    ],
                    "variable": "sts:ExternalId"
                  }
                ],
                "effect": "Allow",
                "not_actions": [],
                "not_principals": [],
                "not_resources": [],
                "principals": [
                  {
                    "identifiers": [
                      "arn:aws:iam::008923505280:root"
                    ],
                    "type": "AWS"
                  }
                ],
                "resources": [],
                "sid": ""
              }
            ],
            "version": "2012-10-17"
          },
          "sensitive_attributes": []
        }
      ]
    },
    {
      "mode": "managed",
      "type": "aws_eip",
      "name": "nat",
      "provider": "provider[\"registry.terraform.io/hashicorp/aws\"]",
      "instances": [
        {
          "schema_version": 0,
          "attributes": {
            "address": null,
            "allocation_id": "eipalloc-09d7c14c2bc3eeb6a",
            "arn": "arn:aws:ec2:us-east-2:851725587805:elastic-ip/eipalloc-09d7c14c2bc3eeb6a",
            "associate_with_private_ip": null,
            "association_id": "",
            "carrier_ip": "",
            "customer_owned_ip": "",
            "customer_owned_ipv4_pool": "",
            "domain": "vpc",
            "id": "eipalloc-09d7c14c2bc3eeb6a",
            "instance": "",
            "ipam_pool_id": null,
            "network_border_group": "us-east-2",
            "network_interface": "",
            "private_dns": null,
            "private_ip": "",
            "ptr_record": "",
            "public_dns": "ec2-3-17-87-237.us-east-2.compute.amazonaws.com",
            "public_ip": "3.17.87.237",
            "public_ipv4_pool": "amazon",
            "tags": {
              "Name": "staging-nat"
            },
            "tags_all": {
              "Name": "staging-nat"
            },
            "timeouts": null,
            "vpc": true
          },
          "sensitive_attributes": [],
          "private": "eyJlMmJmYjczMC1lY2FhLTExZTYtOGY4OC0zNDM2M2JjN2M0YzAiOnsiZGVsZXRlIjoxODAwMDAwMDAwMDAsInJlYWQiOjkwMDAwMDAwMDAwMCwidXBkYXRlIjozMDAwMDAwMDAwMDB9fQ=="
        }
      ]
    },
    {
      "mode": "managed",
      "type": "aws_eks_access_entry",
      "name": "developer",
      "provider": "provider[\"registry.terraform.io/hashicorp/aws\"]",
      "instances": [
        {
          "schema_version": 0,
          "attributes": {
            "access_entry_arn": "arn:aws:eks:us-east-2:851725587805:access-entry/staging-project/user/851725587805/developer/02c97061-eda4-7332-126d-93400050bbf7",
            "cluster_name": "staging-project",
            "created_at": "2024-10-31T04:09:45Z",
            "id": "staging-project:arn:aws:iam::851725587805:user/developer",
            "kubernetes_groups": [
              "my-viewer"
            ],
            "modified_at": "2024-10-31T04:09:45Z",
            "principal_arn": "arn:aws:iam::851725587805:user/developer",
            "tags": null,
            "tags_all": {},
            "timeouts": null,
            "type": "STANDARD",
            "user_name": "arn:aws:iam::851725587805:user/developer"
          },
          "sensitive_attributes": [],
          "private": "eyJlMmJmYjczMC1lY2FhLTExZTYtOGY4OC0zNDM2M2JjN2M0YzAiOnsiY3JlYXRlIjo2MDAwMDAwMDAwMDAsImRlbGV0ZSI6NjAwMDAwMDAwMDAwfX0=",
          "dependencies": [
            "aws_eks_cluster.eks",
            "aws_iam_role.eks",
            "aws_iam_role_policy_attachment.eks",
            "aws_iam_user.developer",
            "aws_subnet.private_zone1",
            "aws_subnet.private_zone2",
            "aws_vpc.main"
          ]
        }
      ]
    },
    {
      "mode": "managed",
      "type": "aws_eks_access_entry",
      "name": "manager",
      "provider": "provider[\"registry.terraform.io/hashicorp/aws\"]",
      "instances": [
        {
          "schema_version": 0,
          "attributes": {
            "access_entry_arn": "arn:aws:eks:us-east-2:851725587805:access-entry/staging-project/role/851725587805/staging-project-eks-admin/d8c97061-eda9-145e-12df-2ce0a625ba56",
            "cluster_name": "staging-project",
            "created_at": "2024-10-31T04:09:45Z",
            "id": "staging-project:arn:aws:iam::851725587805:role/staging-project-eks-admin",
            "kubernetes_groups": [
              "my-admin"
            ],
            "modified_at": "2024-10-31T04:09:45Z",
            "principal_arn": "arn:aws:iam::851725587805:role/staging-project-eks-admin",
            "tags": null,
            "tags_all": {},
            "timeouts": null,
            "type": "STANDARD",
            "user_name": "arn:aws:sts::851725587805:assumed-role/staging-project-eks-admin/{{SessionName}}"
          },
          "sensitive_attributes": [],
          "private": "eyJlMmJmYjczMC1lY2FhLTExZTYtOGY4OC0zNDM2M2JjN2M0YzAiOnsiY3JlYXRlIjo2MDAwMDAwMDAwMDAsImRlbGV0ZSI6NjAwMDAwMDAwMDAwfX0=",
          "dependencies": [
            "aws_eks_cluster.eks",
            "aws_iam_role.eks",
            "aws_iam_role.eks_admin",
            "aws_iam_role_policy_attachment.eks",
            "aws_subnet.private_zone1",
            "aws_subnet.private_zone2",
            "aws_vpc.main",
            "data.aws_caller_identity.current"
          ]
        }
      ]
    },
    {
      "mode": "managed",
      "type": "aws_eks_cluster",
      "name": "eks",
      "provider": "provider[\"registry.terraform.io/hashicorp/aws\"]",
      "instances": [
        {
          "schema_version": 1,
          "attributes": {
            "access_config": [
              {
                "authentication_mode": "API",
                "bootstrap_cluster_creator_admin_permissions": true
              }
            ],
            "arn": "arn:aws:eks:us-east-2:851725587805:cluster/staging-project",
            "bootstrap_self_managed_addons": true,
            "certificate_authority": [
              {
                "data": "LS0tLS1CRUdJTiBDRVJUSUZJQ0FURS0tLS0tCk1JSURCVENDQWUyZ0F3SUJBZ0lJQ0hHYTl0am05R013RFFZSktvWklodmNOQVFFTEJRQXdGVEVUTUJFR0ExVUUKQXhNS2EzVmlaWEp1WlhSbGN6QWVGdzB5TkRFd016RXdOREF6TURaYUZ3MHpOREV3TWprd05EQTRNRFphTUJVeApFekFSQmdOVkJBTVRDbXQxWW1WeWJtVjBaWE13Z2dFaU1BMEdDU3FHU0liM0RRRUJBUVVBQTRJQkR3QXdnZ0VLCkFvSUJBUUMzMVN4YUZ4YlF1eUNRSGRHcjdhMVd4bWk2QlFNM1d2NmJCVVQzemlEMjhPenpoeW9JSjBCUHJHOFUKaEQzZGdCa1gwOEJyM1p6Ym9zajVCbndzbGRweUNCZG4zU1FndFRLNjNlUmJaRms4QXBwNWtzZDMvYTk1Qnl4VApoeFRQbWtrcFBieWl3enRNd09nQTBKNi9xRTkyOXJlUUFsYXJuNzdWalVQSVRYeUMwR2QwU2VTc0pGS2krR000CkxnWFNYUkdDem95SERMaFBFZWxFTFQvREtLRFdjdTZkSmM5OEZOKzB1dFIwVmo2L3JBTjlVcDh0eE03RjRTUkoKWXFkTlZWRTU1ZS9PajhXcklJZnkxYXNVbGJud0Y1UVFuU3kzTnFVUzdteVB5QmhvNWxBSyt6a1ZJeEQ1UWdKaAovdnRDVFJSQngxMHNUREhIbGN4QU5iaEZhQlJQQWdNQkFBR2pXVEJYTUE0R0ExVWREd0VCL3dRRUF3SUNwREFQCkJnTlZIUk1CQWY4RUJUQURBUUgvTUIwR0ExVWREZ1FXQkJRZVpzM3ZWbGlqWGorU2Z1TUhVRUEzeSsxRHpUQVYKQmdOVkhSRUVEakFNZ2dwcmRXSmxjbTVsZEdWek1BMEdDU3FHU0liM0RRRUJDd1VBQTRJQkFRQWRVaDQ0TDVYQwowSHpoZ2hBREpkMis1bUFPZHZRMVRCQzI4dWt1NWNYVHB5YTV2Q1FwR1R5WmNndDdlclRvZzFwTGtPRVBKZFBLCkRaUUdlcTk5OXEzdnp3Zjc2cWFGbHFzWXhDYm1kUUp6QVVKa1NEOVMxclg2SzBVTkxhUW8wR1JYR3JnQWJFbVMKUWc2NDQwblBnLzhtR2xpS3psUk5qMUhXR01HdE1reGdCQ3JxRVJiRUJIYjRZdXBsUGFCNjhzczJITXJjaGNzYQp0aUpkL1hHNThodDUyY2R4WFZhaCtjeVFVQWtyK25MSUsza3l0d01qTjlsVDBYTjNiL28yM2RYcThtS2ovWlRhCllqY0VqVXNuSnlKMnNFeGRZOUlXZWduU3lSUzRTN2lyL0NMWFA2SW9HOFB5dWNRNm0vTnM5OXhIUkRFcVlacE4KTmRYZFhqdm1MQW1YCi0tLS0tRU5EIENFUlRJRklDQVRFLS0tLS0K"
              }
            ],
            "cluster_id": null,
            "created_at": "2024-10-31T04:04:24Z",
            "enabled_cluster_log_types": null,
            "encryption_config": [],
            "endpoint": "https://979E6687E23C0202A22E36DA37DE334A.gr7.us-east-2.eks.amazonaws.com",
            "id": "staging-project",
            "identity": [
              {
                "oidc": [
                  {
                    "issuer": "https://oidc.eks.us-east-2.amazonaws.com/id/979E6687E23C0202A22E36DA37DE334A"
                  }
                ]
              }
            ],
            "kubernetes_network_config": [
              {
                "ip_family": "ipv4",
                "service_ipv4_cidr": "172.20.0.0/16",
                "service_ipv6_cidr": ""
              }
            ],
            "name": "staging-project",
            "outpost_config": [],
            "platform_version": "eks.12",
            "role_arn": "arn:aws:iam::851725587805:role/staging-project-eks-cluster",
            "status": "ACTIVE",
            "tags": null,
            "tags_all": {},
            "timeouts": null,
            "upgrade_policy": [
              {
                "support_type": "EXTENDED"
              }
            ],
            "version": "1.30",
            "vpc_config": [
              {
                "cluster_security_group_id": "sg-0eab0daef20602871",
                "endpoint_private_access": false,
                "endpoint_public_access": true,
                "public_access_cidrs": [
                  "0.0.0.0/0"
                ],
                "security_group_ids": null,
                "subnet_ids": [
                  "subnet-004bf493fa4ee2347",
                  "subnet-0bd24e553f3fbda6d"
                ],
                "vpc_id": "vpc-0ff9d2803d0024977"
              }
            ]
          },
          "sensitive_attributes": [],
          "private": "eyJlMmJmYjczMC1lY2FhLTExZTYtOGY4OC0zNDM2M2JjN2M0YzAiOnsiY3JlYXRlIjoxODAwMDAwMDAwMDAwLCJkZWxldGUiOjkwMDAwMDAwMDAwMCwidXBkYXRlIjozNjAwMDAwMDAwMDAwfSwic2NoZW1hX3ZlcnNpb24iOiIxIn0=",
          "dependencies": [
            "aws_iam_role.eks",
            "aws_iam_role_policy_attachment.eks",
            "aws_subnet.private_zone1",
            "aws_subnet.private_zone2",
            "aws_vpc.main"
          ]
        }
      ]
    },
    {
      "mode": "managed",
      "type": "aws_eks_node_group",
      "name": "general",
      "provider": "provider[\"registry.terraform.io/hashicorp/aws\"]",
      "instances": [
        {
          "schema_version": 0,
          "attributes": {
            "ami_type": "AL2023_x86_64_STANDARD",
            "arn": "arn:aws:eks:us-east-2:851725587805:nodegroup/staging-project/general/f4c97061-ed8a-4b9f-2e59-b2a2640c8d74",
            "capacity_type": "ON_DEMAND",
            "cluster_name": "staging-project",
            "disk_size": 20,
            "force_update_version": null,
            "id": "staging-project:general",
            "instance_types": [
              "t3.large"
            ],
            "labels": {
              "role": "general"
            },
            "launch_template": [],
            "node_group_name": "general",
            "node_group_name_prefix": "",
            "node_role_arn": "arn:aws:iam::851725587805:role/staging-project-eks-nodes",
            "release_version": "1.30.4-20241024",
            "remote_access": [],
            "resources": [
              {
                "autoscaling_groups": [
                  {
                    "name": "eks-general-f4c97061-ed8a-4b9f-2e59-b2a2640c8d74"
                  }
                ],
                "remote_access_security_group_id": ""
              }
            ],
            "scaling_config": [
              {
                "desired_size": 1,
                "max_size": 10,
                "min_size": 0
              }
            ],
            "status": "ACTIVE",
            "subnet_ids": [
              "subnet-004bf493fa4ee2347",
              "subnet-0bd24e553f3fbda6d"
            ],
            "tags": null,
            "tags_all": {},
            "taint": [],
            "timeouts": null,
            "update_config": [
              {
                "max_unavailable": 1,
                "max_unavailable_percentage": 0
              }
            ],
            "version": "1.30"
          },
          "sensitive_attributes": [],
          "private": "eyJlMmJmYjczMC1lY2FhLTExZTYtOGY4OC0zNDM2M2JjN2M0YzAiOnsiY3JlYXRlIjozNjAwMDAwMDAwMDAwLCJkZWxldGUiOjM2MDAwMDAwMDAwMDAsInVwZGF0ZSI6MzYwMDAwMDAwMDAwMH19",
          "dependencies": [
            "aws_eks_cluster.eks",
            "aws_iam_role.eks",
            "aws_iam_role.nodes",
            "aws_iam_role_policy_attachment.amazon_ec2_container_registry_read_only",
            "aws_iam_role_policy_attachment.amazon_eks_cni_policy",
            "aws_iam_role_policy_attachment.amazon_eks_worker_node_policy",
            "aws_iam_role_policy_attachment.eks",
            "aws_subnet.private_zone1",
            "aws_subnet.private_zone2",
            "aws_vpc.main"
          ]
        }
      ]
    },
    {
      "mode": "managed",
      "type": "aws_iam_policy",
      "name": "developer_eks",
      "provider": "provider[\"registry.terraform.io/hashicorp/aws\"]",
      "instances": [
        {
          "schema_version": 0,
          "attributes": {
            "arn": "arn:aws:iam::851725587805:policy/AmazonEKSDeveloperPolicy",
            "attachment_count": 0,
            "description": "",
            "id": "arn:aws:iam::851725587805:policy/AmazonEKSDeveloperPolicy",
            "name": "AmazonEKSDeveloperPolicy",
            "name_prefix": "",
            "path": "/",
            "policy": "{\"Statement\":[{\"Action\":[\"eks:DescribeCluster\",\"eks:ListClusters\"],\"Effect\":\"Allow\",\"Resource\":[\"*\"]}],\"Version\":\"2012-10-17\"}",
            "policy_id": "ANPA4MTWNCVOVWDAG3MMS",
            "tags": null,
            "tags_all": {}
          },
          "sensitive_attributes": [],
          "private": "bnVsbA=="
        }
      ]
    },
    {
      "mode": "managed",
      "type": "aws_iam_policy",
      "name": "eks_admin",
      "provider": "provider[\"registry.terraform.io/hashicorp/aws\"]",
      "instances": [
        {
          "schema_version": 0,
          "attributes": {
            "arn": "arn:aws:iam::851725587805:policy/AmazonEKSAdminPolicy",
            "attachment_count": 0,
            "description": "",
            "id": "arn:aws:iam::851725587805:policy/AmazonEKSAdminPolicy",
            "name": "AmazonEKSAdminPolicy",
            "name_prefix": "",
            "path": "/",
            "policy": "{\"Statement\":[{\"Action\":[\"eks:*\"],\"Effect\":\"Allow\",\"Resource\":[\"*\"]},{\"Action\":\"iam:PassRole\",\"Condition\":{\"StringEquals\":{\"iam:PassedToService\":\"eks.amazonaws.com\"}},\"Effect\":\"Allow\",\"Resource\":[\"*\"]}],\"Version\":\"2012-10-17\"}",
            "policy_id": "ANPA4MTWNCVOZPRGRYLHF",
            "tags": null,
            "tags_all": {}
          },
          "sensitive_attributes": [],
          "private": "bnVsbA=="
        }
      ]
    },
    {
      "mode": "managed",
      "type": "aws_iam_policy",
      "name": "eks_assume_admin",
      "provider": "provider[\"registry.terraform.io/hashicorp/aws\"]",
      "instances": [
        {
          "schema_version": 0,
          "attributes": {
            "arn": "arn:aws:iam::851725587805:policy/AmazonEKSAssumeAdminPolicy",
            "attachment_count": 0,
            "description": "",
            "id": "arn:aws:iam::851725587805:policy/AmazonEKSAssumeAdminPolicy",
            "name": "AmazonEKSAssumeAdminPolicy",
            "name_prefix": "",
            "path": "/",
            "policy": "{\"Statement\":[{\"Action\":[\"sts:AssumeRole\"],\"Effect\":\"Allow\",\"Resource\":[\"arn:aws:iam::851725587805:role/staging-project-eks-admin\"]}],\"Version\":\"2012-10-17\"}",
            "policy_id": "ANPA4MTWNCVO26Q462GRT",
            "tags": null,
            "tags_all": {}
          },
          "sensitive_attributes": [],
          "private": "bnVsbA==",
          "dependencies": [
            "aws_iam_role.eks_admin",
            "data.aws_caller_identity.current"
          ]
        }
      ]
    },
    {
      "mode": "managed",
      "type": "aws_iam_policy",
      "name": "grafana_cloudwatch_policy",
      "provider": "provider[\"registry.terraform.io/hashicorp/aws\"]",
      "instances": [
        {
          "schema_version": 0,
          "attributes": {
            "arn": "arn:aws:iam::851725587805:policy/GrafanaCloudWatchPolicy",
            "attachment_count": 0,
            "description": "",
            "id": "arn:aws:iam::851725587805:policy/GrafanaCloudWatchPolicy",
            "name": "GrafanaCloudWatchPolicy",
            "name_prefix": "",
            "path": "/",
            "policy": "{\"Statement\":[{\"Action\":[\"tag:GetResources\",\"cloudwatch:GetMetricData\",\"cloudwatch:ListMetrics\",\"apigateway:GET\",\"aps:ListWorkspaces\",\"autoscaling:DescribeAutoScalingGroups\",\"dms:DescribeReplicationInstances\",\"dms:DescribeReplicationTasks\",\"ec2:DescribeTransitGatewayAttachments\",\"ec2:DescribeSpotFleetRequests\",\"shield:ListProtections\",\"storagegateway:ListGateways\",\"storagegateway:ListTagsForResource\"],\"Effect\":\"Allow\",\"Resource\":\"*\"}],\"Version\":\"2012-10-17\"}",
            "policy_id": "ANPA4MTWNCVO4VJSXPCH6",
            "tags": null,
            "tags_all": {}
          },
          "sensitive_attributes": [],
          "private": "bnVsbA=="
        }
      ]
    },
    {
      "mode": "managed",
      "type": "aws_iam_role",
      "name": "eks",
      "provider": "provider[\"registry.terraform.io/hashicorp/aws\"]",
      "instances": [
        {
          "schema_version": 0,
          "attributes": {
            "arn": "arn:aws:iam::851725587805:role/staging-project-eks-cluster",
            "assume_role_policy": "{\"Statement\":[{\"Action\":\"sts:AssumeRole\",\"Effect\":\"Allow\",\"Principal\":{\"Service\":\"eks.amazonaws.com\"}}],\"Version\":\"2012-10-17\"}",
            "create_date": "2024-10-31T04:04:21Z",
            "description": "",
            "force_detach_policies": false,
            "id": "staging-project-eks-cluster",
            "inline_policy": [],
            "managed_policy_arns": [],
            "max_session_duration": 3600,
            "name": "staging-project-eks-cluster",
            "name_prefix": "",
            "path": "/",
            "permissions_boundary": "",
            "tags": null,
            "tags_all": {},
            "unique_id": "AROA4MTWNCVOVQTLQGEUQ"
          },
          "sensitive_attributes": [],
          "private": "bnVsbA=="
        }
      ]
    },
    {
      "mode": "managed",
      "type": "aws_iam_role",
      "name": "eks_admin",
      "provider": "provider[\"registry.terraform.io/hashicorp/aws\"]",
      "instances": [
        {
          "schema_version": 0,
          "attributes": {
            "arn": "arn:aws:iam::851725587805:role/staging-project-eks-admin",
            "assume_role_policy": "{\"Statement\":[{\"Action\":\"sts:AssumeRole\",\"Effect\":\"Allow\",\"Principal\":{\"AWS\":\"arn:aws:iam::851725587805:root\"}}],\"Version\":\"2012-10-17\"}",
            "create_date": "2024-10-31T04:04:21Z",
            "description": "",
            "force_detach_policies": false,
            "id": "staging-project-eks-admin",
            "inline_policy": [],
            "managed_policy_arns": [],
            "max_session_duration": 3600,
            "name": "staging-project-eks-admin",
            "name_prefix": "",
            "path": "/",
            "permissions_boundary": "",
            "tags": null,
            "tags_all": {},
            "unique_id": "AROA4MTWNCVOSVLGXJW65"
          },
          "sensitive_attributes": [],
          "private": "bnVsbA==",
          "dependencies": [
            "data.aws_caller_identity.current"
          ]
        }
      ]
    },
    {
      "mode": "managed",
      "type": "aws_iam_role",
      "name": "grafana_role",
      "provider": "provider[\"registry.terraform.io/hashicorp/aws\"]",
      "instances": [
        {
          "schema_version": 0,
          "attributes": {
            "arn": "arn:aws:iam::851725587805:role/GrafanaLabsCloudWatchIntegration",
            "assume_role_policy": "{\"Statement\":[{\"Action\":\"sts:AssumeRole\",\"Condition\":{\"StringEquals\":{\"sts:ExternalId\":\"1779411\"}},\"Effect\":\"Allow\",\"Principal\":{\"AWS\":\"arn:aws:iam::008923505280:root\"}}],\"Version\":\"2012-10-17\"}",
            "create_date": "2024-10-31T04:04:21Z",
            "description": "",
            "force_detach_policies": false,
            "id": "GrafanaLabsCloudWatchIntegration",
            "inline_policy": [],
            "managed_policy_arns": [],
            "max_session_duration": 3600,
            "name": "GrafanaLabsCloudWatchIntegration",
            "name_prefix": "",
            "path": "/",
            "permissions_boundary": "",
            "tags": null,
            "tags_all": {},
            "unique_id": "AROA4MTWNCVOZVUNRY3IU"
          },
          "sensitive_attributes": [],
          "private": "bnVsbA==",
          "dependencies": [
            "data.aws_iam_policy_document.trust_grafana"
          ]
        }
      ]
    },
    {
      "mode": "managed",
      "type": "aws_iam_role",
      "name": "nodes",
      "provider": "provider[\"registry.terraform.io/hashicorp/aws\"]",
      "instances": [
        {
          "schema_version": 0,
          "attributes": {
            "arn": "arn:aws:iam::851725587805:role/staging-project-eks-nodes",
            "assume_role_policy": "{\"Statement\":[{\"Action\":\"sts:AssumeRole\",\"Effect\":\"Allow\",\"Principal\":{\"Service\":\"ec2.amazonaws.com\"}}],\"Version\":\"2012-10-17\"}",
            "create_date": "2024-10-31T04:04:21Z",
            "description": "",
            "force_detach_policies": false,
            "id": "staging-project-eks-nodes",
            "inline_policy": [],
            "managed_policy_arns": [],
            "max_session_duration": 3600,
            "name": "staging-project-eks-nodes",
            "name_prefix": "",
            "path": "/",
            "permissions_boundary": "",
            "tags": null,
            "tags_all": {},
            "unique_id": "AROA4MTWNCVOSG5DIITAZ"
          },
          "sensitive_attributes": [],
          "private": "bnVsbA=="
        }
      ]
    },
    {
      "mode": "managed",
      "type": "aws_iam_role_policy_attachment",
      "name": "amazon_ec2_container_registry_read_only",
      "provider": "provider[\"registry.terraform.io/hashicorp/aws\"]",
      "instances": [
        {
          "schema_version": 0,
          "attributes": {
            "id": "staging-project-eks-nodes-20241031040422352800000008",
            "policy_arn": "arn:aws:iam::aws:policy/AmazonEC2ContainerRegistryReadOnly",
            "role": "staging-project-eks-nodes"
          },
          "sensitive_attributes": [],
          "private": "bnVsbA==",
          "dependencies": [
            "aws_iam_role.nodes"
          ]
        }
      ]
    },
    {
      "mode": "managed",
      "type": "aws_iam_role_policy_attachment",
      "name": "amazon_eks_cni_policy",
      "provider": "provider[\"registry.terraform.io/hashicorp/aws\"]",
      "instances": [
        {
          "schema_version": 0,
          "attributes": {
            "id": "staging-project-eks-nodes-20241031040422315400000006",
            "policy_arn": "arn:aws:iam::aws:policy/AmazonEKS_CNI_Policy",
            "role": "staging-project-eks-nodes"
          },
          "sensitive_attributes": [],
          "private": "bnVsbA==",
          "dependencies": [
            "aws_iam_role.nodes"
          ]
        }
      ]
    },
    {
      "mode": "managed",
      "type": "aws_iam_role_policy_attachment",
      "name": "amazon_eks_worker_node_policy",
      "provider": "provider[\"registry.terraform.io/hashicorp/aws\"]",
      "instances": [
        {
          "schema_version": 0,
          "attributes": {
            "id": "staging-project-eks-nodes-20241031040422326900000007",
            "policy_arn": "arn:aws:iam::aws:policy/AmazonEKSWorkerNodePolicy",
            "role": "staging-project-eks-nodes"
          },
          "sensitive_attributes": [],
          "private": "bnVsbA==",
          "dependencies": [
            "aws_iam_role.nodes"
          ]
        }
      ]
    },
    {
      "mode": "managed",
      "type": "aws_iam_role_policy_attachment",
      "name": "eks",
      "provider": "provider[\"registry.terraform.io/hashicorp/aws\"]",
      "instances": [
        {
          "schema_version": 0,
          "attributes": {
            "id": "staging-project-eks-cluster-2024103104042240100000000a",
            "policy_arn": "arn:aws:iam::aws:policy/AmazonEKSClusterPolicy",
            "role": "staging-project-eks-cluster"
          },
          "sensitive_attributes": [],
          "private": "bnVsbA==",
          "dependencies": [
            "aws_iam_role.eks"
          ]
        }
      ]
    },
    {
      "mode": "managed",
      "type": "aws_iam_role_policy_attachment",
      "name": "eks_admin",
      "provider": "provider[\"registry.terraform.io/hashicorp/aws\"]",
      "instances": [
        {
          "schema_version": 0,
          "attributes": {
            "id": "staging-project-eks-admin-20241031040422195100000004",
            "policy_arn": "arn:aws:iam::851725587805:policy/AmazonEKSAdminPolicy",
            "role": "staging-project-eks-admin"
          },
          "sensitive_attributes": [],
          "private": "bnVsbA==",
          "dependencies": [
            "aws_iam_policy.eks_admin",
            "aws_iam_role.eks_admin",
            "data.aws_caller_identity.current"
          ]
        }
      ]
    },
    {
      "mode": "managed",
      "type": "aws_iam_role_policy_attachment",
      "name": "eks_cluster_admin",
      "provider": "provider[\"registry.terraform.io/hashicorp/aws\"]",
      "instances": [
        {
          "schema_version": 0,
          "attributes": {
            "id": "staging-project-eks-admin-20241031040422149700000003",
            "policy_arn": "arn:aws:iam::aws:policy/AmazonEKSClusterPolicy",
            "role": "staging-project-eks-admin"
          },
          "sensitive_attributes": [],
          "private": "bnVsbA==",
          "dependencies": [
            "aws_iam_role.eks_admin",
            "data.aws_caller_identity.current"
          ]
        }
      ]
    },
    {
      "mode": "managed",
      "type": "aws_iam_role_policy_attachment",
      "name": "grafana_cloudwatch_attachment",
      "provider": "provider[\"registry.terraform.io/hashicorp/aws\"]",
      "instances": [
        {
          "schema_version": 0,
          "attributes": {
            "id": "GrafanaLabsCloudWatchIntegration-20241031040422364500000009",
            "policy_arn": "arn:aws:iam::851725587805:policy/GrafanaCloudWatchPolicy",
            "role": "GrafanaLabsCloudWatchIntegration"
          },
          "sensitive_attributes": [],
          "private": "bnVsbA==",
          "dependencies": [
            "aws_iam_policy.grafana_cloudwatch_policy",
            "aws_iam_role.grafana_role",
            "data.aws_iam_policy_document.trust_grafana"
          ]
        }
      ]
    },
    {
      "mode": "managed",
      "type": "aws_iam_user",
      "name": "developer",
      "provider": "provider[\"registry.terraform.io/hashicorp/aws\"]",
      "instances": [
        {
          "schema_version": 0,
          "attributes": {
            "arn": "arn:aws:iam::851725587805:user/developer",
            "force_destroy": false,
            "id": "developer",
            "name": "developer",
            "path": "/",
            "permissions_boundary": "",
            "tags": null,
            "tags_all": {},
            "unique_id": "AIDA4MTWNCVOSJEKTDDBW"
          },
          "sensitive_attributes": [],
          "private": "bnVsbA=="
        }
      ]
    },
    {
      "mode": "managed",
      "type": "aws_iam_user",
      "name": "manager",
      "provider": "provider[\"registry.terraform.io/hashicorp/aws\"]",
      "instances": [
        {
          "schema_version": 0,
          "attributes": {
            "arn": "arn:aws:iam::851725587805:user/manager",
            "force_destroy": false,
            "id": "manager",
            "name": "manager",
            "path": "/",
            "permissions_boundary": "",
            "tags": null,
            "tags_all": {},
            "unique_id": "AIDA4MTWNCVORPI6I3VSH"
          },
          "sensitive_attributes": [],
          "private": "bnVsbA=="
        }
      ]
    },
    {
      "mode": "managed",
      "type": "aws_iam_user_policy_attachment",
      "name": "developer_eks",
      "provider": "provider[\"registry.terraform.io/hashicorp/aws\"]",
      "instances": [
        {
          "schema_version": 0,
          "attributes": {
            "id": "developer-20241031040422002600000001",
            "policy_arn": "arn:aws:iam::851725587805:policy/AmazonEKSDeveloperPolicy",
            "user": "developer"
          },
          "sensitive_attributes": [],
          "private": "bnVsbA==",
          "dependencies": [
            "aws_iam_policy.developer_eks",
            "aws_iam_user.developer"
          ]
        }
      ]
    },
    {
      "mode": "managed",
      "type": "aws_iam_user_policy_attachment",
      "name": "manager",
      "provider": "provider[\"registry.terraform.io/hashicorp/aws\"]",
      "instances": [
        {
          "schema_version": 0,
          "attributes": {
            "id": "manager-2024103104042265360000000b",
            "policy_arn": "arn:aws:iam::851725587805:policy/AmazonEKSAssumeAdminPolicy",
            "user": "manager"
          },
          "sensitive_attributes": [],
          "private": "bnVsbA==",
          "dependencies": [
            "aws_iam_policy.eks_assume_admin",
            "aws_iam_role.eks_admin",
            "aws_iam_user.manager",
            "data.aws_caller_identity.current"
          ]
        }
      ]
    },
    {
      "mode": "managed",
      "type": "aws_iam_user_policy_attachment",
      "name": "manager_cloudwatch_access",
      "provider": "provider[\"registry.terraform.io/hashicorp/aws\"]",
      "instances": [
        {
          "schema_version": 0,
          "attributes": {
            "id": "manager-20241031040422002700000002",
            "policy_arn": "arn:aws:iam::851725587805:policy/GrafanaCloudWatchPolicy",
            "user": "manager"
          },
          "sensitive_attributes": [],
          "private": "bnVsbA==",
          "dependencies": [
            "aws_iam_policy.grafana_cloudwatch_policy",
            "aws_iam_user.manager"
          ]
        }
      ]
    },
    {
      "mode": "managed",
      "type": "aws_internet_gateway",
      "name": "igw",
      "provider": "provider[\"registry.terraform.io/hashicorp/aws\"]",
      "instances": [
        {
          "schema_version": 0,
          "attributes": {
            "arn": "arn:aws:ec2:us-east-2:851725587805:internet-gateway/igw-0dac820f2d8244e99",
            "id": "igw-0dac820f2d8244e99",
            "owner_id": "851725587805",
            "tags": {
              "Name": "staging-igw"
            },
            "tags_all": {
              "Name": "staging-igw"
            },
            "timeouts": null,
            "vpc_id": "vpc-0ff9d2803d0024977"
          },
          "sensitive_attributes": [],
          "private": "eyJlMmJmYjczMC1lY2FhLTExZTYtOGY4OC0zNDM2M2JjN2M0YzAiOnsiY3JlYXRlIjoxMjAwMDAwMDAwMDAwLCJkZWxldGUiOjEyMDAwMDAwMDAwMDAsInVwZGF0ZSI6MTIwMDAwMDAwMDAwMH19",
          "dependencies": [
            "aws_vpc.main"
          ]
        }
      ]
    },
    {
      "mode": "managed",
      "type": "aws_nat_gateway",
      "name": "nat",
      "provider": "provider[\"registry.terraform.io/hashicorp/aws\"]",
      "instances": [
        {
          "schema_version": 0,
          "attributes": {
            "allocation_id": "eipalloc-09d7c14c2bc3eeb6a",
            "association_id": "eipassoc-078eb237547917a7d",
            "connectivity_type": "public",
            "id": "nat-00fc1ddc8a6897cbf",
            "network_interface_id": "eni-081a03febc575e734",
            "private_ip": "10.0.66.73",
            "public_ip": "3.17.87.237",
            "secondary_allocation_ids": null,
            "secondary_private_ip_address_count": 0,
            "secondary_private_ip_addresses": [],
            "subnet_id": "subnet-0929efb6fcd01704b",
            "tags": {
              "Name": "staging-nat"
            },
            "tags_all": {
              "Name": "staging-nat"
            },
            "timeouts": null
          },
          "sensitive_attributes": [],
          "private": "eyJlMmJmYjczMC1lY2FhLTExZTYtOGY4OC0zNDM2M2JjN2M0YzAiOnsiY3JlYXRlIjo2MDAwMDAwMDAwMDAsImRlbGV0ZSI6MTgwMDAwMDAwMDAwMCwidXBkYXRlIjo2MDAwMDAwMDAwMDB9fQ==",
          "dependencies": [
            "aws_eip.nat",
            "aws_internet_gateway.igw",
            "aws_subnet.public_zone1",
            "aws_vpc.main"
          ]
        }
      ]
    },
    {
      "mode": "managed",
      "type": "aws_route_table",
      "name": "private",
      "provider": "provider[\"registry.terraform.io/hashicorp/aws\"]",
      "instances": [
        {
          "schema_version": 0,
          "attributes": {
            "arn": "arn:aws:ec2:us-east-2:851725587805:route-table/rtb-053539cfb10deccd8",
            "id": "rtb-053539cfb10deccd8",
            "owner_id": "851725587805",
            "propagating_vgws": [],
            "route": [
              {
                "carrier_gateway_id": "",
                "cidr_block": "0.0.0.0/0",
                "core_network_arn": "",
                "destination_prefix_list_id": "",
                "egress_only_gateway_id": "",
                "gateway_id": "",
                "ipv6_cidr_block": "",
                "local_gateway_id": "",
                "nat_gateway_id": "nat-00fc1ddc8a6897cbf",
                "network_interface_id": "",
                "transit_gateway_id": "",
                "vpc_endpoint_id": "",
                "vpc_peering_connection_id": ""
              }
            ],
            "tags": {
              "Name": "staging-private"
            },
            "tags_all": {
              "Name": "staging-private"
            },
            "timeouts": null,
            "vpc_id": "vpc-0ff9d2803d0024977"
          },
          "sensitive_attributes": [],
          "private": "eyJlMmJmYjczMC1lY2FhLTExZTYtOGY4OC0zNDM2M2JjN2M0YzAiOnsiY3JlYXRlIjozMDAwMDAwMDAwMDAsImRlbGV0ZSI6MzAwMDAwMDAwMDAwLCJ1cGRhdGUiOjEyMDAwMDAwMDAwMH19",
          "dependencies": [
            "aws_eip.nat",
            "aws_internet_gateway.igw",
            "aws_nat_gateway.nat",
            "aws_subnet.public_zone1",
            "aws_vpc.main"
          ]
        }
      ]
    },
    {
      "mode": "managed",
      "type": "aws_route_table",
      "name": "public",
      "provider": "provider[\"registry.terraform.io/hashicorp/aws\"]",
      "instances": [
        {
          "schema_version": 0,
          "attributes": {
            "arn": "arn:aws:ec2:us-east-2:851725587805:route-table/rtb-0ce83ee178ca41314",
            "id": "rtb-0ce83ee178ca41314",
            "owner_id": "851725587805",
            "propagating_vgws": [],
            "route": [
              {
                "carrier_gateway_id": "",
                "cidr_block": "0.0.0.0/0",
                "core_network_arn": "",
                "destination_prefix_list_id": "",
                "egress_only_gateway_id": "",
                "gateway_id": "igw-0dac820f2d8244e99",
                "ipv6_cidr_block": "",
                "local_gateway_id": "",
                "nat_gateway_id": "",
                "network_interface_id": "",
                "transit_gateway_id": "",
                "vpc_endpoint_id": "",
                "vpc_peering_connection_id": ""
              }
            ],
            "tags": {
              "Name": "staging-public"
            },
            "tags_all": {
              "Name": "staging-public"
            },
            "timeouts": null,
            "vpc_id": "vpc-0ff9d2803d0024977"
          },
          "sensitive_attributes": [],
          "private": "eyJlMmJmYjczMC1lY2FhLTExZTYtOGY4OC0zNDM2M2JjN2M0YzAiOnsiY3JlYXRlIjozMDAwMDAwMDAwMDAsImRlbGV0ZSI6MzAwMDAwMDAwMDAwLCJ1cGRhdGUiOjEyMDAwMDAwMDAwMH19",
          "dependencies": [
            "aws_internet_gateway.igw",
            "aws_vpc.main"
          ]
        }
      ]
    },
    {
      "mode": "managed",
      "type": "aws_route_table_association",
      "name": "private_zone1",
      "provider": "provider[\"registry.terraform.io/hashicorp/aws\"]",
      "instances": [
        {
          "schema_version": 0,
          "attributes": {
            "gateway_id": "",
            "id": "rtbassoc-0e09b80efc4ff3cd3",
            "route_table_id": "rtb-053539cfb10deccd8",
            "subnet_id": "subnet-0bd24e553f3fbda6d",
            "timeouts": null
          },
          "sensitive_attributes": [],
          "private": "eyJlMmJmYjczMC1lY2FhLTExZTYtOGY4OC0zNDM2M2JjN2M0YzAiOnsiY3JlYXRlIjozMDAwMDAwMDAwMDAsImRlbGV0ZSI6MzAwMDAwMDAwMDAwLCJ1cGRhdGUiOjEyMDAwMDAwMDAwMH19",
          "dependencies": [
            "aws_eip.nat",
            "aws_internet_gateway.igw",
            "aws_nat_gateway.nat",
            "aws_route_table.private",
            "aws_subnet.private_zone1",
            "aws_subnet.public_zone1",
            "aws_vpc.main"
          ]
        }
      ]
    },
    {
      "mode": "managed",
      "type": "aws_route_table_association",
      "name": "private_zone2",
      "provider": "provider[\"registry.terraform.io/hashicorp/aws\"]",
      "instances": [
        {
          "schema_version": 0,
          "attributes": {
            "gateway_id": "",
            "id": "rtbassoc-08de412896b5a9b69",
            "route_table_id": "rtb-053539cfb10deccd8",
            "subnet_id": "subnet-004bf493fa4ee2347",
            "timeouts": null
          },
          "sensitive_attributes": [],
          "private": "eyJlMmJmYjczMC1lY2FhLTExZTYtOGY4OC0zNDM2M2JjN2M0YzAiOnsiY3JlYXRlIjozMDAwMDAwMDAwMDAsImRlbGV0ZSI6MzAwMDAwMDAwMDAwLCJ1cGRhdGUiOjEyMDAwMDAwMDAwMH19",
          "dependencies": [
            "aws_eip.nat",
            "aws_internet_gateway.igw",
            "aws_nat_gateway.nat",
            "aws_route_table.private",
            "aws_subnet.private_zone2",
            "aws_subnet.public_zone1",
            "aws_vpc.main"
          ]
        }
      ]
    },
    {
      "mode": "managed",
      "type": "aws_route_table_association",
      "name": "public_zone1",
      "provider": "provider[\"registry.terraform.io/hashicorp/aws\"]",
      "instances": [
        {
          "schema_version": 0,
          "attributes": {
            "gateway_id": "",
            "id": "rtbassoc-0af4f15c5d99373ac",
            "route_table_id": "rtb-0ce83ee178ca41314",
            "subnet_id": "subnet-0929efb6fcd01704b",
            "timeouts": null
          },
          "sensitive_attributes": [],
          "private": "eyJlMmJmYjczMC1lY2FhLTExZTYtOGY4OC0zNDM2M2JjN2M0YzAiOnsiY3JlYXRlIjozMDAwMDAwMDAwMDAsImRlbGV0ZSI6MzAwMDAwMDAwMDAwLCJ1cGRhdGUiOjEyMDAwMDAwMDAwMH19",
          "dependencies": [
            "aws_internet_gateway.igw",
            "aws_route_table.public",
            "aws_subnet.public_zone1",
            "aws_vpc.main"
          ]
        }
      ]
    },
    {
      "mode": "managed",
      "type": "aws_route_table_association",
      "name": "public_zone2",
      "provider": "provider[\"registry.terraform.io/hashicorp/aws\"]",
      "instances": [
        {
          "schema_version": 0,
          "attributes": {
            "gateway_id": "",
            "id": "rtbassoc-03c349b2f531c23fc",
            "route_table_id": "rtb-0ce83ee178ca41314",
            "subnet_id": "subnet-0a0b00c74617c0145",
            "timeouts": null
          },
          "sensitive_attributes": [],
          "private": "eyJlMmJmYjczMC1lY2FhLTExZTYtOGY4OC0zNDM2M2JjN2M0YzAiOnsiY3JlYXRlIjozMDAwMDAwMDAwMDAsImRlbGV0ZSI6MzAwMDAwMDAwMDAwLCJ1cGRhdGUiOjEyMDAwMDAwMDAwMH19",
          "dependencies": [
            "aws_internet_gateway.igw",
            "aws_route_table.public",
            "aws_subnet.public_zone2",
            "aws_vpc.main"
          ]
        }
      ]
    },
    {
      "mode": "managed",
      "type": "aws_subnet",
      "name": "private_zone1",
      "provider": "provider[\"registry.terraform.io/hashicorp/aws\"]",
      "instances": [
        {
          "schema_version": 1,
          "attributes": {
            "arn": "arn:aws:ec2:us-east-2:851725587805:subnet/subnet-0bd24e553f3fbda6d",
            "assign_ipv6_address_on_creation": false,
            "availability_zone": "us-east-2a",
            "availability_zone_id": "use2-az1",
            "cidr_block": "10.0.0.0/19",
            "customer_owned_ipv4_pool": "",
            "enable_dns64": false,
            "enable_lni_at_device_index": 0,
            "enable_resource_name_dns_a_record_on_launch": false,
            "enable_resource_name_dns_aaaa_record_on_launch": false,
            "id": "subnet-0bd24e553f3fbda6d",
            "ipv6_cidr_block": "",
            "ipv6_cidr_block_association_id": "",
            "ipv6_native": false,
            "map_customer_owned_ip_on_launch": false,
            "map_public_ip_on_launch": false,
            "outpost_arn": "",
            "owner_id": "851725587805",
            "private_dns_hostname_type_on_launch": "ip-name",
            "tags": {
              "Name": "staging-private-us-east-2a",
              "kubernetes.io/cluster/staging-project": "owned",
              "kubernetes.io/role/internal-elb": "1"
            },
            "tags_all": {
              "Name": "staging-private-us-east-2a",
              "kubernetes.io/cluster/staging-project": "owned",
              "kubernetes.io/role/internal-elb": "1"
            },
            "timeouts": null,
            "vpc_id": "vpc-0ff9d2803d0024977"
          },
          "sensitive_attributes": [],
          "private": "eyJlMmJmYjczMC1lY2FhLTExZTYtOGY4OC0zNDM2M2JjN2M0YzAiOnsiY3JlYXRlIjo2MDAwMDAwMDAwMDAsImRlbGV0ZSI6MTIwMDAwMDAwMDAwMH0sInNjaGVtYV92ZXJzaW9uIjoiMSJ9",
          "dependencies": [
            "aws_vpc.main"
          ]
        }
      ]
    },
    {
      "mode": "managed",
      "type": "aws_subnet",
      "name": "private_zone2",
      "provider": "provider[\"registry.terraform.io/hashicorp/aws\"]",
      "instances": [
        {
          "schema_version": 1,
          "attributes": {
            "arn": "arn:aws:ec2:us-east-2:851725587805:subnet/subnet-004bf493fa4ee2347",
            "assign_ipv6_address_on_creation": false,
            "availability_zone": "us-east-2b",
            "availability_zone_id": "use2-az2",
            "cidr_block": "10.0.32.0/19",
            "customer_owned_ipv4_pool": "",
            "enable_dns64": false,
            "enable_lni_at_device_index": 0,
            "enable_resource_name_dns_a_record_on_launch": false,
            "enable_resource_name_dns_aaaa_record_on_launch": false,
            "id": "subnet-004bf493fa4ee2347",
            "ipv6_cidr_block": "",
            "ipv6_cidr_block_association_id": "",
            "ipv6_native": false,
            "map_customer_owned_ip_on_launch": false,
            "map_public_ip_on_launch": false,
            "outpost_arn": "",
            "owner_id": "851725587805",
            "private_dns_hostname_type_on_launch": "ip-name",
            "tags": {
              "Name": "staging-private-us-east-2b",
              "kubernetes.io/cluster/staging-project": "owned",
              "kubernetes.io/role/internal-elb": "1"
            },
            "tags_all": {
              "Name": "staging-private-us-east-2b",
              "kubernetes.io/cluster/staging-project": "owned",
              "kubernetes.io/role/internal-elb": "1"
            },
            "timeouts": null,
            "vpc_id": "vpc-0ff9d2803d0024977"
          },
          "sensitive_attributes": [],
          "private": "eyJlMmJmYjczMC1lY2FhLTExZTYtOGY4OC0zNDM2M2JjN2M0YzAiOnsiY3JlYXRlIjo2MDAwMDAwMDAwMDAsImRlbGV0ZSI6MTIwMDAwMDAwMDAwMH0sInNjaGVtYV92ZXJzaW9uIjoiMSJ9",
          "dependencies": [
            "aws_vpc.main"
          ]
        }
      ]
    },
    {
      "mode": "managed",
      "type": "aws_subnet",
      "name": "public_zone1",
      "provider": "provider[\"registry.terraform.io/hashicorp/aws\"]",
      "instances": [
        {
          "schema_version": 1,
          "attributes": {
            "arn": "arn:aws:ec2:us-east-2:851725587805:subnet/subnet-0929efb6fcd01704b",
            "assign_ipv6_address_on_creation": false,
            "availability_zone": "us-east-2a",
            "availability_zone_id": "use2-az1",
            "cidr_block": "10.0.64.0/19",
            "customer_owned_ipv4_pool": "",
            "enable_dns64": false,
            "enable_lni_at_device_index": 0,
            "enable_resource_name_dns_a_record_on_launch": false,
            "enable_resource_name_dns_aaaa_record_on_launch": false,
            "id": "subnet-0929efb6fcd01704b",
            "ipv6_cidr_block": "",
            "ipv6_cidr_block_association_id": "",
            "ipv6_native": false,
            "map_customer_owned_ip_on_launch": false,
            "map_public_ip_on_launch": true,
            "outpost_arn": "",
            "owner_id": "851725587805",
            "private_dns_hostname_type_on_launch": "ip-name",
            "tags": {
              "Name": "staging-public-us-east-2a",
              "kubernetes.io/cluster/staging-project": "owned",
              "kubernetes.io/role/elb": "1"
            },
            "tags_all": {
              "Name": "staging-public-us-east-2a",
              "kubernetes.io/cluster/staging-project": "owned",
              "kubernetes.io/role/elb": "1"
            },
            "timeouts": null,
            "vpc_id": "vpc-0ff9d2803d0024977"
          },
          "sensitive_attributes": [],
          "private": "eyJlMmJmYjczMC1lY2FhLTExZTYtOGY4OC0zNDM2M2JjN2M0YzAiOnsiY3JlYXRlIjo2MDAwMDAwMDAwMDAsImRlbGV0ZSI6MTIwMDAwMDAwMDAwMH0sInNjaGVtYV92ZXJzaW9uIjoiMSJ9",
          "dependencies": [
            "aws_vpc.main"
          ]
        }
      ]
    },
    {
      "mode": "managed",
      "type": "aws_subnet",
      "name": "public_zone2",
      "provider": "provider[\"registry.terraform.io/hashicorp/aws\"]",
      "instances": [
        {
          "schema_version": 1,
          "attributes": {
            "arn": "arn:aws:ec2:us-east-2:851725587805:subnet/subnet-0a0b00c74617c0145",
            "assign_ipv6_address_on_creation": false,
            "availability_zone": "us-east-2b",
            "availability_zone_id": "use2-az2",
            "cidr_block": "10.0.96.0/19",
            "customer_owned_ipv4_pool": "",
            "enable_dns64": false,
            "enable_lni_at_device_index": 0,
            "enable_resource_name_dns_a_record_on_launch": false,
            "enable_resource_name_dns_aaaa_record_on_launch": false,
            "id": "subnet-0a0b00c74617c0145",
            "ipv6_cidr_block": "",
            "ipv6_cidr_block_association_id": "",
            "ipv6_native": false,
            "map_customer_owned_ip_on_launch": false,
            "map_public_ip_on_launch": true,
            "outpost_arn": "",
            "owner_id": "851725587805",
            "private_dns_hostname_type_on_launch": "ip-name",
            "tags": {
              "Name": "staging-public-us-east-2b",
              "kubernetes.io/cluster/staging-project": "owned",
              "kubernetes.io/role/elb": "1"
            },
            "tags_all": {
              "Name": "staging-public-us-east-2b",
              "kubernetes.io/cluster/staging-project": "owned",
              "kubernetes.io/role/elb": "1"
            },
            "timeouts": null,
            "vpc_id": "vpc-0ff9d2803d0024977"
          },
          "sensitive_attributes": [],
          "private": "eyJlMmJmYjczMC1lY2FhLTExZTYtOGY4OC0zNDM2M2JjN2M0YzAiOnsiY3JlYXRlIjo2MDAwMDAwMDAwMDAsImRlbGV0ZSI6MTIwMDAwMDAwMDAwMH0sInNjaGVtYV92ZXJzaW9uIjoiMSJ9",
          "dependencies": [
            "aws_vpc.main"
          ]
        }
      ]
    },
    {
      "mode": "managed",
      "type": "aws_vpc",
      "name": "main",
      "provider": "provider[\"registry.terraform.io/hashicorp/aws\"]",
      "instances": [
        {
          "schema_version": 1,
          "attributes": {
            "arn": "arn:aws:ec2:us-east-2:851725587805:vpc/vpc-0ff9d2803d0024977",
            "assign_generated_ipv6_cidr_block": false,
            "cidr_block": "10.0.0.0/16",
            "default_network_acl_id": "acl-08e9ddd766d3c4d8b",
            "default_route_table_id": "rtb-00c9dc4b70748190c",
            "default_security_group_id": "sg-0ab1057dd9302f0db",
            "dhcp_options_id": "dopt-0226a931e9fd555e8",
            "enable_dns_hostnames": true,
            "enable_dns_support": true,
            "enable_network_address_usage_metrics": false,
            "id": "vpc-0ff9d2803d0024977",
            "instance_tenancy": "default",
            "ipv4_ipam_pool_id": null,
            "ipv4_netmask_length": null,
            "ipv6_association_id": "",
            "ipv6_cidr_block": "",
            "ipv6_cidr_block_network_border_group": "",
            "ipv6_ipam_pool_id": "",
            "ipv6_netmask_length": 0,
            "main_route_table_id": "rtb-00c9dc4b70748190c",
            "owner_id": "851725587805",
            "tags": {
              "Name": "staging-main"
            },
            "tags_all": {
              "Name": "staging-main"
            }
          },
          "sensitive_attributes": [],
          "private": "eyJzY2hlbWFfdmVyc2lvbiI6IjEifQ=="
        }
      ]
    },
    {
      "mode": "managed",
      "type": "helm_release",
      "name": "grafana-k8s-monitoring",
      "provider": "provider[\"registry.terraform.io/hashicorp/helm\"]",
      "instances": [
        {
          "schema_version": 1,
          "attributes": {
            "atomic": true,
            "chart": "k8s-monitoring",
            "cleanup_on_fail": false,
            "create_namespace": true,
            "dependency_update": false,
            "description": null,
            "devel": null,
            "disable_crd_hooks": false,
            "disable_openapi_validation": false,
            "disable_webhooks": false,
            "force_update": false,
            "id": "grafana-k8s-monitoring",
            "keyring": null,
            "lint": false,
            "manifest": null,
            "max_history": 0,
            "metadata": [
              {
                "app_version": "2.8.5",
                "chart": "k8s-monitoring",
                "first_deployed": 1730347789,
                "last_deployed": 1730347789,
                "name": "grafana-k8s-monitoring",
                "namespace": "default",
                "notes": "1. Get the application URL by running these commands:\n  export POD_NAME=$(kubectl get pods --namespace default -l \"app.kubernetes.io/name=prometheus-node-exporter,app.kubernetes.io/instance=grafana-k8s-monitoring\" -o jsonpath=\"{.items[0].metadata.name}\")\n  echo \"Visit http://127.0.0.1:9100 to use your application\"\n  kubectl port-forward --namespace default $POD_NAME 9100\nkube-state-metrics is a simple service that listens to the Kubernetes API server and generates metrics about the state of the objects.\nThe exposed metrics can be found here:\nhttps://github.com/kubernetes/kube-state-metrics/blob/master/docs/README.md#exposed-metrics\n\nThe metrics are exported on the HTTP endpoint /metrics on the listening port.\nIn your case, grafana-k8s-monitoring-kube-state-metrics.default.svc.cluster.local:8080/metrics\n\nThey are served either as plaintext or protobuf depending on the Accept header.\nThey are designed to be consumed either by Prometheus itself or by a scraper that is compatible with scraping a Prometheus client endpoint.\n\nWelcome to Grafana Alloy!\n\nWelcome to Grafana Alloy!\n\nWelcome to Grafana Alloy!\n",
                "revision": 1,
                "values": "{\"alloy\":{},\"alloy-events\":{},\"alloy-logs\":{},\"cluster\":{\"name\":\"my-cluster\"},\"externalServices\":{\"loki\":{\"basicAuth\":{\"password\":\"(sensitive value)\",\"username\":\"(sensitive value)\"},\"host\":\"https://logs-prod-021.grafana.net\"},\"prometheus\":{\"basicAuth\":{\"password\":\"(sensitive value)\",\"username\":\"(sensitive value)\"},\"host\":\"https://prometheus-prod-36-prod-us-west-0.grafana.net\"},\"tempo\":{\"basicAuth\":{\"password\":\"(sensitive value)\",\"username\":\"(sensitive value)\"},\"host\":\"https://tempo-prod-15-prod-us-west-0.grafana.net:443\"}},\"kepler\":{\"enabled\":true},\"kube-state-metrics\":{\"enabled\":true},\"logs\":{\"cluster_events\":{\"enabled\":true},\"enabled\":true,\"pod_logs\":{\"enabled\":true}},\"metrics\":{\"alloy\":{\"metricsTuning\":{\"useIntegrationAllowList\":true}},\"cost\":{\"enabled\":true},\"enabled\":true,\"kepler\":{\"enabled\":true},\"node-exporter\":{\"enabled\":true}},\"opencost\":{\"enabled\":true,\"opencost\":{\"exporter\":{\"defaultClusterId\":\"my-cluster\"},\"prometheus\":{\"external\":{\"url\":\"https://prometheus-prod-36-prod-us-west-0.grafana.net/api/prom\"}}}},\"prometheus-node-exporter\":{\"enabled\":true},\"prometheus-operator-crds\":{\"enabled\":true},\"receivers\":{\"grafanaCloudMetrics\":{\"enabled\":false},\"grpc\":{\"enabled\":true},\"http\":{\"enabled\":true},\"zipkin\":{\"enabled\":true}},\"traces\":{\"enabled\":true}}",
                "version": "1.6.3"
              }
            ],
            "name": "grafana-k8s-monitoring",
            "namespace": "default",
            "pass_credentials": false,
            "postrender": [],
            "recreate_pods": false,
            "render_subchart_notes": true,
            "replace": false,
            "repository": "https://grafana.github.io/helm-charts",
            "repository_ca_file": null,
            "repository_cert_file": null,
            "repository_key_file": null,
            "repository_password": null,
            "repository_username": null,
            "reset_values": false,
            "reuse_values": false,
            "set": [
              {
                "name": "cluster.name",
                "type": "",
                "value": "my-cluster"
              },
              {
                "name": "externalServices.loki.host",
                "type": "",
                "value": "https://logs-prod-021.grafana.net"
              },
              {
                "name": "externalServices.prometheus.host",
                "type": "",
                "value": "https://prometheus-prod-36-prod-us-west-0.grafana.net"
              },
              {
                "name": "externalServices.tempo.host",
                "type": "",
                "value": "https://tempo-prod-15-prod-us-west-0.grafana.net:443"
              },
              {
                "name": "opencost.opencost.exporter.defaultClusterId",
                "type": "",
                "value": "my-cluster"
              },
              {
                "name": "opencost.opencost.prometheus.external.url",
                "type": "",
                "value": "https://prometheus-prod-36-prod-us-west-0.grafana.net/api/prom"
              }
            ],
            "set_list": [],
            "set_sensitive": [
              {
                "name": "externalServices.loki.basicAuth.password",
                "type": "",
                "value": "REPLACE_WITH_ACCESS_POLICY_TOKEN"
              },
              {
                "name": "externalServices.loki.basicAuth.username",
                "type": "",
                "value": "988992"
              },
              {
                "name": "externalServices.prometheus.basicAuth.password",
                "type": "",
                "value": "REPLACE_WITH_ACCESS_POLICY_TOKEN"
              },
              {
                "name": "externalServices.prometheus.basicAuth.username",
                "type": "",
                "value": "1779411"
              },
              {
                "name": "externalServices.tempo.basicAuth.password",
                "type": "",
                "value": "REPLACE_WITH_ACCESS_POLICY_TOKEN"
              },
              {
                "name": "externalServices.tempo.basicAuth.username",
                "type": "",
                "value": "983307"
              }
            ],
            "skip_crds": false,
            "status": "deployed",
            "timeout": 300,
            "upgrade_install": null,
            "values": [
              "metrics:\n  enabled: true\n  alloy:\n    metricsTuning:\n      useIntegrationAllowList: true\n  cost:\n    enabled: true\n  kepler:\n    enabled: true\n  node-exporter:\n    enabled: true\nlogs:\n  enabled: true\n  pod_logs:\n    enabled: true\n  cluster_events:\n    enabled: true\ntraces:\n  enabled: true\nreceivers:\n  grpc:\n    enabled: true\n  http:\n    enabled: true\n  zipkin:\n    enabled: true\n  grafanaCloudMetrics:\n    enabled: false\nopencost:\n  enabled: true\nkube-state-metrics:\n  enabled: true\nprometheus-node-exporter:\n  enabled: true\nprometheus-operator-crds:\n  enabled: true\nkepler:\n  enabled: true\nalloy: {}\nalloy-events: {}\nalloy-logs: {}\n"
            ],
            "verify": false,
            "version": "1.6.3",
            "wait": true,
            "wait_for_jobs": false
          },
          "sensitive_attributes": [
            [
              {
                "type": "get_attr",
                "value": "repository_password"
              }
            ],
            [
              {
                "type": "get_attr",
                "value": "set_sensitive"
              }
            ]
          ],
          "private": "eyJzY2hlbWFfdmVyc2lvbiI6IjEifQ==",
          "dependencies": [
            "aws_eks_cluster.eks",
            "aws_iam_role.eks",
            "aws_iam_role_policy_attachment.eks",
            "aws_subnet.private_zone1",
            "aws_subnet.private_zone2",
            "aws_vpc.main",
            "data.aws_eks_cluster.eks",
            "data.aws_eks_cluster_auth.eks"
          ]
        }
      ]
    },
    {
      "mode": "managed",
      "type": "helm_release",
      "name": "metrics_server",
      "provider": "provider[\"registry.terraform.io/hashicorp/helm\"]",
      "instances": [
        {
          "schema_version": 1,
          "attributes": {
            "atomic": false,
            "chart": "metrics-server",
            "cleanup_on_fail": false,
            "create_namespace": false,
            "dependency_update": false,
            "description": null,
            "devel": null,
            "disable_crd_hooks": false,
            "disable_openapi_validation": false,
            "disable_webhooks": false,
            "force_update": false,
            "id": "metrics-server",
            "keyring": null,
            "lint": false,
            "manifest": null,
            "max_history": 0,
            "metadata": [
              {
                "app_version": "0.7.1",
                "chart": "metrics-server",
                "first_deployed": 1730347894,
                "last_deployed": 1730347894,
                "name": "metrics-server",
                "namespace": "kube-system",
                "notes": "***********************************************************************\n* Metrics Server                                                      *\n***********************************************************************\n  Chart version: 3.12.1\n  App version:   0.7.1\n  Image tag:     registry.k8s.io/metrics-server/metrics-server:v0.7.1\n***********************************************************************\n",
                "revision": 1,
                "values": "{\"defaultArgs\":[\"--cert-dir=/tmp\",\"--kubelet-preferred-address-types=InternalIP,ExternalIP,Hostname\",\"--kubelet-use-node-status-port\",\"--metric-resolution=15s\",\"--secure-port=10250\"]}",
                "version": "3.12.1"
              }
            ],
            "name": "metrics-server",
            "namespace": "kube-system",
            "pass_credentials": false,
            "postrender": [],
            "recreate_pods": false,
            "render_subchart_notes": true,
            "replace": false,
            "repository": "https://kubernetes-sigs.github.io/metrics-server/",
            "repository_ca_file": null,
            "repository_cert_file": null,
            "repository_key_file": null,
            "repository_password": null,
            "repository_username": null,
            "reset_values": false,
            "reuse_values": false,
            "set": [],
            "set_list": [],
            "set_sensitive": [],
            "skip_crds": false,
            "status": "deployed",
            "timeout": 300,
            "upgrade_install": null,
            "values": [
              "---\ndefaultArgs:\n  - --cert-dir=/tmp\n  - --kubelet-preferred-address-types=InternalIP,ExternalIP,Hostname\n  - --kubelet-use-node-status-port\n  - --metric-resolution=15s\n  - --secure-port=10250"
            ],
            "verify": false,
            "version": "3.12.1",
            "wait": true,
            "wait_for_jobs": false
          },
          "sensitive_attributes": [
            [
              {
                "type": "get_attr",
                "value": "repository_password"
              }
            ]
          ],
          "private": "eyJzY2hlbWFfdmVyc2lvbiI6IjEifQ==",
          "dependencies": [
            "aws_eks_cluster.eks",
            "aws_eks_node_group.general",
            "aws_iam_role.eks",
            "aws_iam_role.nodes",
            "aws_iam_role_policy_attachment.amazon_ec2_container_registry_read_only",
            "aws_iam_role_policy_attachment.amazon_eks_cni_policy",
            "aws_iam_role_policy_attachment.amazon_eks_worker_node_policy",
            "aws_iam_role_policy_attachment.eks",
            "aws_subnet.private_zone1",
            "aws_subnet.private_zone2",
            "aws_vpc.main",
            "data.aws_eks_cluster.eks",
            "data.aws_eks_cluster_auth.eks"
          ]
        }
      ]
    }
  ],
  "check_results": [
    {
      "object_kind": "var",
      "config_addr": "var.external_id",
      "status": "pass",
      "objects": [
        {
          "object_addr": "var.external_id",
          "status": "pass"
        }
      ]
    }
  ]
}
